
Microsoft Visual Studio Solution File, Format Version 12.00
# Visual Studio 15
Project("{FAE04EC0-301F-11D3-BF4B-00C04F79EFBC}") = "Unity.RenderPipelines.GPUDriven.Runtime", "Unity.RenderPipelines.GPUDriven.Runtime.csproj", "{7E9410E0-2BA8-E82B-4792-6C48702900F4}"
EndProject
Project("{FAE04EC0-301F-11D3-BF4B-00C04F79EFBC}") = "Unity.ShaderGraph.Editor", "Unity.ShaderGraph.Editor.csproj", "{C4CEEC25-2977-8B75-953D-9D6933048818}"
EndProject
Project("{FAE04EC0-301F-11D3-BF4B-00C04F79EFBC}") = "Unity.RenderPipelines.Core.Runtime", "Unity.RenderPipelines.Core.Runtime.csproj", "{2C6D2715-A9E1-A66E-F4CA-F0DE44F74EA4}"
EndProject
Project("{FAE04EC0-301F-11D3-BF4B-00C04F79EFBC}") = "Unity.Multiplayer.Center.Editor", "Unity.Multiplayer.Center.Editor.csproj", "{37578402-AE54-1798-20DF-15ADEF65A857}"
EndProject
Project("{FAE04EC0-301F-11D3-BF4B-00C04F79EFBC}") = "Unity.RenderPipelines.Core.Editor", "Unity.RenderPipelines.Core.Editor.csproj", "{AA8CFDE5-767B-14D9-C7C4-E1482C1BCE34}"
EndProject
Project("{FAE04EC0-301F-11D3-BF4B-00C04F79EFBC}") = "UnityEngine.UI", "UnityEngine.UI.csproj", "{02E4B05E-2AD1-F242-06D9-B26A3E6722F9}"
EndProject
Project("{FAE04EC0-301F-11D3-BF4B-00C04F79EFBC}") = "Unity.RenderPipelines.Universal.2D.Runtime", "Unity.RenderPipelines.Universal.2D.Runtime.csproj", "{D0539FC8-A6F3-9291-E800-EE8BBA146886}"
EndProject
Project("{FAE04EC0-301F-11D3-BF4B-00C04F79EFBC}") = "Unity.RenderPipelines.Universal.Editor", "Unity.RenderPipelines.Universal.Editor.csproj", "{E7D889FF-4D0A-BBD2-5BEB-A84B1D7034E2}"
EndProject
Project("{FAE04EC0-301F-11D3-BF4B-00C04F79EFBC}") = "UnityEngine.TestRunner", "UnityEngine.TestRunner.csproj", "{28C28D50-33D7-D4E7-58FD-D3216570DE28}"
EndProject
Project("{FAE04EC0-301F-11D3-BF4B-00C04F79EFBC}") = "PPv2URPConverters", "PPv2URPConverters.csproj", "{182D9EEF-3A6F-D0A0-9E76-DB2E557EB085}"
EndProject
Project("{FAE04EC0-301F-11D3-BF4B-00C04F79EFBC}") = "UnityEditor.TestRunner", "UnityEditor.TestRunner.csproj", "{71752728-E8A3-336C-2668-2D560744C24B}"
EndProject
Project("{FAE04EC0-301F-11D3-BF4B-00C04F79EFBC}") = "Unity.RenderPipelines.Universal.Runtime", "Unity.RenderPipelines.Universal.Runtime.csproj", "{10918BB3-75A5-D573-A1F8-64AA0E158D47}"
EndProject
Project("{FAE04EC0-301F-11D3-BF4B-00C04F79EFBC}") = "Unity.TextMeshPro", "Unity.TextMeshPro.csproj", "{BBB7176D-84C6-DC35-571F-056FD944463C}"
EndProject
Project("{FAE04EC0-301F-11D3-BF4B-00C04F79EFBC}") = "Unity.TextMeshPro.Editor", "Unity.TextMeshPro.Editor.csproj", "{12B74211-AE9A-D3EF-9393-7F3C341E6EC1}"
EndProject
Project("{FAE04EC0-301F-11D3-BF4B-00C04F79EFBC}") = "Unity.Rendering.LightTransport.Runtime", "Unity.Rendering.LightTransport.Runtime.csproj", "{71DACF81-FA7A-6B76-D7B7-A064A9EAA26C}"
EndProject
Project("{FAE04EC0-301F-11D3-BF4B-00C04F79EFBC}") = "UnityEditor.UI", "UnityEditor.UI.csproj", "{18A33C33-7F92-7C35-F702-F2D2FE516161}"
EndProject
Project("{FAE04EC0-301F-11D3-BF4B-00C04F79EFBC}") = "Unity.Multiplayer.Center.Common", "Unity.Multiplayer.Center.Common.csproj", "{17171096-F1B7-108B-3E66-50C074207DCC}"
EndProject
Project("{FAE04EC0-301F-11D3-BF4B-00C04F79EFBC}") = "Assembly-CSharp-Editor", "Assembly-CSharp-Editor.csproj", "{988550DD-0751-B47F-ABE4-6DB1B714943A}"
EndProject
Project("{FAE04EC0-301F-11D3-BF4B-00C04F79EFBC}") = "Unity.ShaderGraph.Utilities", "Unity.ShaderGraph.Utilities.csproj", "{3DB130B0-3699-3267-D8F6-914727822355}"
EndProject
Project("{FAE04EC0-301F-11D3-BF4B-00C04F79EFBC}") = "Unity.RenderPipeline.Universal.ShaderLibrary", "Unity.RenderPipeline.Universal.ShaderLibrary.csproj", "{F564891C-DC3C-63C6-EEA5-38974ABFE90D}"
EndProject
Project("{FAE04EC0-301F-11D3-BF4B-00C04F79EFBC}") = "Unity.Rendering.LightTransport.Editor", "Unity.Rendering.LightTransport.Editor.csproj", "{F09B45DD-368D-EB8C-2B2C-F7FD18E52664}"
EndProject
Project("{FAE04EC0-301F-11D3-BF4B-00C04F79EFBC}") = "Unity.RenderPipelines.Universal.Shaders", "Unity.RenderPipelines.Universal.Shaders.csproj", "{0176C85B-C6CB-FA77-AE8F-31EA7B122909}"
EndProject
Project("{FAE04EC0-301F-11D3-BF4B-00C04F79EFBC}") = "Unity.RenderPipelines.Core.Runtime.Shared", "Unity.RenderPipelines.Core.Runtime.Shared.csproj", "{AEDF768C-7603-DF50-CACA-8431E89586C3}"
EndProject
Project("{FAE04EC0-301F-11D3-BF4B-00C04F79EFBC}") = "Assembly-CSharp", "Assembly-CSharp.csproj", "{478C5FC8-3060-E441-62D7-A99A405EECE3}"
EndProject
Project("{FAE04EC0-301F-11D3-BF4B-00C04F79EFBC}") = "Unity.RenderPipelines.Universal.Config.Runtime", "Unity.RenderPipelines.Universal.Config.Runtime.csproj", "{B4E32601-0592-B86A-4AC4-FC75655F6FB3}"
EndProject
Project("{FAE04EC0-301F-11D3-BF4B-00C04F79EFBC}") = "Unity.RenderPipelines.ShaderGraph.ShaderGraphLibrary", "Unity.RenderPipelines.ShaderGraph.ShaderGraphLibrary.csproj", "{ABAB3229-5F79-A311-3164-0246F4ACF07D}"
EndProject
Project("{FAE04EC0-301F-11D3-BF4B-00C04F79EFBC}") = "Unity.RenderPipelines.Core.ShaderLibrary", "Unity.RenderPipelines.Core.ShaderLibrary.csproj", "{E8201245-EDA3-FB44-D937-9BC11058DA07}"
EndProject
Project("{FAE04EC0-301F-11D3-BF4B-00C04F79EFBC}") = "Unity.RenderPipelines.Core.Editor.Shared", "Unity.RenderPipelines.Core.Editor.Shared.csproj", "{F5F457A0-D3AE-C81E-4673-96120EFE8275}"
EndProject
Project("{FAE04EC0-301F-11D3-BF4B-00C04F79EFBC}") = "Unity.RenderPipelines.GPUDriven.Runtime", "Unity.RenderPipelines.GPUDriven.Runtime.Player.csproj", "{D34E22FC-515B-15E7-2E85-218CAA28F265}"
EndProject
Project("{FAE04EC0-301F-11D3-BF4B-00C04F79EFBC}") = "Unity.RenderPipelines.Core.Runtime", "Unity.RenderPipelines.Core.Runtime.Player.csproj", "{E239F1D2-8DEA-57BF-1FCA-497DA3437A76}"
EndProject
Project("{FAE04EC0-301F-11D3-BF4B-00C04F79EFBC}") = "UnityEngine.UI", "UnityEngine.UI.Player.csproj", "{7CD8BE99-1CAD-9974-6DB9-6AACD361FF9C}"
EndProject
Project("{FAE04EC0-301F-11D3-BF4B-00C04F79EFBC}") = "Unity.RenderPipelines.Universal.2D.Runtime", "Unity.RenderPipelines.Universal.2D.Runtime.Player.csproj", "{1EE2FA4A-39F1-BB10-491C-A8176CDE1C26}"
EndProject
Project("{FAE04EC0-301F-11D3-BF4B-00C04F79EFBC}") = "UnityEngine.TestRunner", "UnityEngine.TestRunner.Player.csproj", "{A2872C95-CE5D-150D-1688-EFE440A4BA17}"
EndProject
Project("{FAE04EC0-301F-11D3-BF4B-00C04F79EFBC}") = "Unity.RenderPipelines.Universal.Runtime", "Unity.RenderPipelines.Universal.Runtime.Player.csproj", "{0608F709-F0DB-1298-BB97-63E2A462DDDA}"
EndProject
Project("{FAE04EC0-301F-11D3-BF4B-00C04F79EFBC}") = "Unity.TextMeshPro", "Unity.TextMeshPro.Player.csproj", "{1373AA5A-4B08-F52B-6BFF-2343B925872B}"
EndProject
Project("{FAE04EC0-301F-11D3-BF4B-00C04F79EFBC}") = "Unity.Multiplayer.Center.Common", "Unity.Multiplayer.Center.Common.Player.csproj", "{8D78A8E0-D39A-5036-270B-66286B383F9C}"
EndProject
Project("{FAE04EC0-301F-11D3-BF4B-00C04F79EFBC}") = "Unity.RenderPipeline.Universal.ShaderLibrary", "Unity.RenderPipeline.Universal.ShaderLibrary.Player.csproj", "{0DB52FE2-F96B-A33A-8501-7C6272619594}"
EndProject
Project("{FAE04EC0-301F-11D3-BF4B-00C04F79EFBC}") = "Unity.RenderPipelines.Universal.Shaders", "Unity.RenderPipelines.Universal.Shaders.Player.csproj", "{C60DA7FF-EB05-5DF1-0F35-5556EC2424E4}"
EndProject
Project("{FAE04EC0-301F-11D3-BF4B-00C04F79EFBC}") = "Unity.RenderPipelines.Core.Runtime.Shared", "Unity.RenderPipelines.Core.Runtime.Shared.Player.csproj", "{6DA027A3-5F20-07E7-6D05-7628AE816F08}"
EndProject
Project("{FAE04EC0-301F-11D3-BF4B-00C04F79EFBC}") = "Assembly-CSharp", "Assembly-CSharp.Player.csproj", "{C5ECA542-1279-921D-D233-01800A531A2F}"
EndProject
Project("{FAE04EC0-301F-11D3-BF4B-00C04F79EFBC}") = "Unity.RenderPipelines.Universal.Config.Runtime", "Unity.RenderPipelines.Universal.Config.Runtime.Player.csproj", "{3FCD513F-D3CC-42D1-084C-72A171053834}"
EndProject
Project("{FAE04EC0-301F-11D3-BF4B-00C04F79EFBC}") = "Unity.RenderPipelines.ShaderGraph.ShaderGraphLibrary", "Unity.RenderPipelines.ShaderGraph.ShaderGraphLibrary.Player.csproj", "{0897237A-B4E0-C8A0-AAA3-7084550030B3}"
EndProject
Project("{FAE04EC0-301F-11D3-BF4B-00C04F79EFBC}") = "Unity.RenderPipelines.Core.ShaderLibrary", "Unity.RenderPipelines.Core.ShaderLibrary.Player.csproj", "{498AF610-6F4A-EFF2-455B-18F2284D0C04}"
EndProject
Global
	GlobalSection(SolutionConfigurationPlatforms) = preSolution
		Debug|Any CPU = Debug|Any CPU
		Release|Any CPU = Release|Any CPU
	EndGlobalSection
	GlobalSection(ProjectConfigurationPlatforms) = postSolution
		{7E9410E0-2BA8-E82B-4792-6C48702900F4}.Debug|Any CPU.ActiveCfg = Debug|Any CPU
		{7E9410E0-2BA8-E82B-4792-6C48702900F4}.Debug|Any CPU.Build.0 = Debug|Any CPU
		{7E9410E0-2BA8-E82B-4792-6C48702900F4}.Release|Any CPU.ActiveCfg = Release|Any CPU
		{7E9410E0-2BA8-E82B-4792-6C48702900F4}.Release|Any CPU.Build.0 = Release|Any CPU
		{C4CEEC25-2977-8B75-953D-9D6933048818}.Debug|Any CPU.ActiveCfg = Debug|Any CPU
		{C4CEEC25-2977-8B75-953D-9D6933048818}.Debug|Any CPU.Build.0 = Debug|Any CPU
		{C4CEEC25-2977-8B75-953D-9D6933048818}.Release|Any CPU.ActiveCfg = Release|Any CPU
		{C4CEEC25-2977-8B75-953D-9D6933048818}.Release|Any CPU.Build.0 = Release|Any CPU
		{2C6D2715-A9E1-A66E-F4CA-F0DE44F74EA4}.Debug|Any CPU.ActiveCfg = Debug|Any CPU
		{2C6D2715-A9E1-A66E-F4CA-F0DE44F74EA4}.Debug|Any CPU.Build.0 = Debug|Any CPU
		{2C6D2715-A9E1-A66E-F4CA-F0DE44F74EA4}.Release|Any CPU.ActiveCfg = Release|Any CPU
		{2C6D2715-A9E1-A66E-F4CA-F0DE44F74EA4}.Release|Any CPU.Build.0 = Release|Any CPU
		{37578402-AE54-1798-20DF-15ADEF65A857}.Debug|Any CPU.ActiveCfg = Debug|Any CPU
		{37578402-AE54-1798-20DF-15ADEF65A857}.Debug|Any CPU.Build.0 = Debug|Any CPU
		{37578402-AE54-1798-20DF-15ADEF65A857}.Release|Any CPU.ActiveCfg = Release|Any CPU
		{37578402-AE54-1798-20DF-15ADEF65A857}.Release|Any CPU.Build.0 = Release|Any CPU
		{AA8CFDE5-767B-14D9-C7C4-E1482C1BCE34}.Debug|Any CPU.ActiveCfg = Debug|Any CPU
		{AA8CFDE5-767B-14D9-C7C4-E1482C1BCE34}.Debug|Any CPU.Build.0 = Debug|Any CPU
		{AA8CFDE5-767B-14D9-C7C4-E1482C1BCE34}.Release|Any CPU.ActiveCfg = Release|Any CPU
		{AA8CFDE5-767B-14D9-C7C4-E1482C1BCE34}.Release|Any CPU.Build.0 = Release|Any CPU
		{02E4B05E-2AD1-F242-06D9-B26A3E6722F9}.Debug|Any CPU.ActiveCfg = Debug|Any CPU
		{02E4B05E-2AD1-F242-06D9-B26A3E6722F9}.Debug|Any CPU.Build.0 = Debug|Any CPU
		{02E4B05E-2AD1-F242-06D9-B26A3E6722F9}.Release|Any CPU.ActiveCfg = Release|Any CPU
		{02E4B05E-2AD1-F242-06D9-B26A3E6722F9}.Release|Any CPU.Build.0 = Release|Any CPU
		{D0539FC8-A6F3-9291-E800-EE8BBA146886}.Debug|Any CPU.ActiveCfg = Debug|Any CPU
		{D0539FC8-A6F3-9291-E800-EE8BBA146886}.Debug|Any CPU.Build.0 = Debug|Any CPU
		{D0539FC8-A6F3-9291-E800-EE8BBA146886}.Release|Any CPU.ActiveCfg = Release|Any CPU
		{D0539FC8-A6F3-9291-E800-EE8BBA146886}.Release|Any CPU.Build.0 = Release|Any CPU
		{E7D889FF-4D0A-BBD2-5BEB-A84B1D7034E2}.Debug|Any CPU.ActiveCfg = Debug|Any CPU
		{E7D889FF-4D0A-BBD2-5BEB-A84B1D7034E2}.Debug|Any CPU.Build.0 = Debug|Any CPU
		{E7D889FF-4D0A-BBD2-5BEB-A84B1D7034E2}.Release|Any CPU.ActiveCfg = Release|Any CPU
		{E7D889FF-4D0A-BBD2-5BEB-A84B1D7034E2}.Release|Any CPU.Build.0 = Release|Any CPU
		{28C28D50-33D7-D4E7-58FD-D3216570DE28}.Debug|Any CPU.ActiveCfg = Debug|Any CPU
		{28C28D50-33D7-D4E7-58FD-D3216570DE28}.Debug|Any CPU.Build.0 = Debug|Any CPU
		{28C28D50-33D7-D4E7-58FD-D3216570DE28}.Release|Any CPU.ActiveCfg = Release|Any CPU
		{28C28D50-33D7-D4E7-58FD-D3216570DE28}.Release|Any CPU.Build.0 = Release|Any CPU
		{182D9EEF-3A6F-D0A0-9E76-DB2E557EB085}.Debug|Any CPU.ActiveCfg = Debug|Any CPU
		{182D9EEF-3A6F-D0A0-9E76-DB2E557EB085}.Debug|Any CPU.Build.0 = Debug|Any CPU
		{182D9EEF-3A6F-D0A0-9E76-DB2E557EB085}.Release|Any CPU.ActiveCfg = Release|Any CPU
		{182D9EEF-3A6F-D0A0-9E76-DB2E557EB085}.Release|Any CPU.Build.0 = Release|Any CPU
		{71752728-E8A3-336C-2668-2D560744C24B}.Debug|Any CPU.ActiveCfg = Debug|Any CPU
		{71752728-E8A3-336C-2668-2D560744C24B}.Debug|Any CPU.Build.0 = Debug|Any CPU
		{71752728-E8A3-336C-2668-2D560744C24B}.Release|Any CPU.ActiveCfg = Release|Any CPU
		{71752728-E8A3-336C-2668-2D560744C24B}.Release|Any CPU.Build.0 = Release|Any CPU
		{10918BB3-75A5-D573-A1F8-64AA0E158D47}.Debug|Any CPU.ActiveCfg = Debug|Any CPU
		{10918BB3-75A5-D573-A1F8-64AA0E158D47}.Debug|Any CPU.Build.0 = Debug|Any CPU
		{10918BB3-75A5-D573-A1F8-64AA0E158D47}.Release|Any CPU.ActiveCfg = Release|Any CPU
		{10918BB3-75A5-D573-A1F8-64AA0E158D47}.Release|Any CPU.Build.0 = Release|Any CPU
		{BBB7176D-84C6-DC35-571F-056FD944463C}.Debug|Any CPU.ActiveCfg = Debug|Any CPU
		{BBB7176D-84C6-DC35-571F-056FD944463C}.Debug|Any CPU.Build.0 = Debug|Any CPU
		{BBB7176D-84C6-DC35-571F-056FD944463C}.Release|Any CPU.ActiveCfg = Release|Any CPU
		{BBB7176D-84C6-DC35-571F-056FD944463C}.Release|Any CPU.Build.0 = Release|Any CPU
		{12B74211-AE9A-D3EF-9393-7F3C341E6EC1}.Debug|Any CPU.ActiveCfg = Debug|Any CPU
		{12B74211-AE9A-D3EF-9393-7F3C341E6EC1}.Debug|Any CPU.Build.0 = Debug|Any CPU
		{12B74211-AE9A-D3EF-9393-7F3C341E6EC1}.Release|Any CPU.ActiveCfg = Release|Any CPU
		{12B74211-AE9A-D3EF-9393-7F3C341E6EC1}.Release|Any CPU.Build.0 = Release|Any CPU
		{71DACF81-FA7A-6B76-D7B7-A064A9EAA26C}.Debug|Any CPU.ActiveCfg = Debug|Any CPU
		{71DACF81-FA7A-6B76-D7B7-A064A9EAA26C}.Debug|Any CPU.Build.0 = Debug|Any CPU
		{71DACF81-FA7A-6B76-D7B7-A064A9EAA26C}.Release|Any CPU.ActiveCfg = Release|Any CPU
		{71DACF81-FA7A-6B76-D7B7-A064A9EAA26C}.Release|Any CPU.Build.0 = Release|Any CPU
		{18A33C33-7F92-7C35-F702-F2D2FE516161}.Debug|Any CPU.ActiveCfg = Debug|Any CPU
		{18A33C33-7F92-7C35-F702-F2D2FE516161}.Debug|Any CPU.Build.0 = Debug|Any CPU
		{18A33C33-7F92-7C35-F702-F2D2FE516161}.Release|Any CPU.ActiveCfg = Release|Any CPU
		{18A33C33-7F92-7C35-F702-F2D2FE516161}.Release|Any CPU.Build.0 = Release|Any CPU
		{17171096-F1B7-108B-3E66-50C074207DCC}.Debug|Any CPU.ActiveCfg = Debug|Any CPU
		{17171096-F1B7-108B-3E66-50C074207DCC}.Debug|Any CPU.Build.0 = Debug|Any CPU
		{17171096-F1B7-108B-3E66-50C074207DCC}.Release|Any CPU.ActiveCfg = Release|Any CPU
		{17171096-F1B7-108B-3E66-50C074207DCC}.Release|Any CPU.Build.0 = Release|Any CPU
		{988550DD-0751-B47F-ABE4-6DB1B714943A}.Debug|Any CPU.ActiveCfg = Debug|Any CPU
		{988550DD-0751-B47F-ABE4-6DB1B714943A}.Debug|Any CPU.Build.0 = Debug|Any CPU
		{988550DD-0751-B47F-ABE4-6DB1B714943A}.Release|Any CPU.ActiveCfg = Release|Any CPU
		{988550DD-0751-B47F-ABE4-6DB1B714943A}.Release|Any CPU.Build.0 = Release|Any CPU
		{3DB130B0-3699-3267-D8F6-914727822355}.Debug|Any CPU.ActiveCfg = Debug|Any CPU
		{3DB130B0-3699-3267-D8F6-914727822355}.Debug|Any CPU.Build.0 = Debug|Any CPU
		{3DB130B0-3699-3267-D8F6-914727822355}.Release|Any CPU.ActiveCfg = Release|Any CPU
		{3DB130B0-3699-3267-D8F6-914727822355}.Release|Any CPU.Build.0 = Release|Any CPU
		{F564891C-DC3C-63C6-EEA5-38974ABFE90D}.Debug|Any CPU.ActiveCfg = Debug|Any CPU
		{F564891C-DC3C-63C6-EEA5-38974ABFE90D}.Debug|Any CPU.Build.0 = Debug|Any CPU
		{F564891C-DC3C-63C6-EEA5-38974ABFE90D}.Release|Any CPU.ActiveCfg = Release|Any CPU
		{F564891C-DC3C-63C6-EEA5-38974ABFE90D}.Release|Any CPU.Build.0 = Release|Any CPU
		{F09B45DD-368D-EB8C-2B2C-F7FD18E52664}.Debug|Any CPU.ActiveCfg = Debug|Any CPU
		{F09B45DD-368D-EB8C-2B2C-F7FD18E52664}.Debug|Any CPU.Build.0 = Debug|Any CPU
		{F09B45DD-368D-EB8C-2B2C-F7FD18E52664}.Release|Any CPU.ActiveCfg = Release|Any CPU
		{F09B45DD-368D-EB8C-2B2C-F7FD18E52664}.Release|Any CPU.Build.0 = Release|Any CPU
		{0176C85B-C6CB-FA77-AE8F-31EA7B122909}.Debug|Any CPU.ActiveCfg = Debug|Any CPU
		{0176C85B-C6CB-FA77-AE8F-31EA7B122909}.Debug|Any CPU.Build.0 = Debug|Any CPU
		{0176C85B-C6CB-FA77-AE8F-31EA7B122909}.Release|Any CPU.ActiveCfg = Release|Any CPU
		{0176C85B-C6CB-FA77-AE8F-31EA7B122909}.Release|Any CPU.Build.0 = Release|Any CPU
		{AEDF768C-7603-DF50-CACA-8431E89586C3}.Debug|Any CPU.ActiveCfg = Debug|Any CPU
		{AEDF768C-7603-DF50-CACA-8431E89586C3}.Debug|Any CPU.Build.0 = Debug|Any CPU
		{AEDF768C-7603-DF50-CACA-8431E89586C3}.Release|Any CPU.ActiveCfg = Release|Any CPU
		{AEDF768C-7603-DF50-CACA-8431E89586C3}.Release|Any CPU.Build.0 = Release|Any CPU
		{478C5FC8-3060-E441-62D7-A99A405EECE3}.Debug|Any CPU.ActiveCfg = Debug|Any CPU
		{478C5FC8-3060-E441-62D7-A99A405EECE3}.Debug|Any CPU.Build.0 = Debug|Any CPU
		{478C5FC8-3060-E441-62D7-A99A405EECE3}.Release|Any CPU.ActiveCfg = Release|Any CPU
		{478C5FC8-3060-E441-62D7-A99A405EECE3}.Release|Any CPU.Build.0 = Release|Any CPU
		{B4E32601-0592-B86A-4AC4-FC75655F6FB3}.Debug|Any CPU.ActiveCfg = Debug|Any CPU
		{B4E32601-0592-B86A-4AC4-FC75655F6FB3}.Debug|Any CPU.Build.0 = Debug|Any CPU
		{B4E32601-0592-B86A-4AC4-FC75655F6FB3}.Release|Any CPU.ActiveCfg = Release|Any CPU
		{B4E32601-0592-B86A-4AC4-FC75655F6FB3}.Release|Any CPU.Build.0 = Release|Any CPU
		{ABAB3229-5F79-A311-3164-0246F4ACF07D}.Debug|Any CPU.ActiveCfg = Debug|Any CPU
		{ABAB3229-5F79-A311-3164-0246F4ACF07D}.Debug|Any CPU.Build.0 = Debug|Any CPU
		{ABAB3229-5F79-A311-3164-0246F4ACF07D}.Release|Any CPU.ActiveCfg = Release|Any CPU
		{ABAB3229-5F79-A311-3164-0246F4ACF07D}.Release|Any CPU.Build.0 = Release|Any CPU
		{E8201245-EDA3-FB44-D937-9BC11058DA07}.Debug|Any CPU.ActiveCfg = Debug|Any CPU
		{E8201245-EDA3-FB44-D937-9BC11058DA07}.Debug|Any CPU.Build.0 = Debug|Any CPU
		{E8201245-EDA3-FB44-D937-9BC11058DA07}.Release|Any CPU.ActiveCfg = Release|Any CPU
		{E8201245-EDA3-FB44-D937-9BC11058DA07}.Release|Any CPU.Build.0 = Release|Any CPU
		{F5F457A0-D3AE-C81E-4673-96120EFE8275}.Debug|Any CPU.ActiveCfg = Debug|Any CPU
		{F5F457A0-D3AE-C81E-4673-96120EFE8275}.Debug|Any CPU.Build.0 = Debug|Any CPU
		{F5F457A0-D3AE-C81E-4673-96120EFE8275}.Release|Any CPU.ActiveCfg = Release|Any CPU
		{F5F457A0-D3AE-C81E-4673-96120EFE8275}.Release|Any CPU.Build.0 = Release|Any CPU
		{D34E22FC-515B-15E7-2E85-218CAA28F265}.Debug|Any CPU.ActiveCfg = Debug|Any CPU
		{D34E22FC-515B-15E7-2E85-218CAA28F265}.Debug|Any CPU.Build.0 = Debug|Any CPU
		{D34E22FC-515B-15E7-2E85-218CAA28F265}.Release|Any CPU.ActiveCfg = Release|Any CPU
		{D34E22FC-515B-15E7-2E85-218CAA28F265}.Release|Any CPU.Build.0 = Release|Any CPU
		{E239F1D2-8DEA-57BF-1FCA-497DA3437A76}.Debug|Any CPU.ActiveCfg = Debug|Any CPU
		{E239F1D2-8DEA-57BF-1FCA-497DA3437A76}.Debug|Any CPU.Build.0 = Debug|Any CPU
		{E239F1D2-8DEA-57BF-1FCA-497DA3437A76}.Release|Any CPU.ActiveCfg = Release|Any CPU
		{E239F1D2-8DEA-57BF-1FCA-497DA3437A76}.Release|Any CPU.Build.0 = Release|Any CPU
		{7CD8BE99-1CAD-9974-6DB9-6AACD361FF9C}.Debug|Any CPU.ActiveCfg = Debug|Any CPU
		{7CD8BE99-1CAD-9974-6DB9-6AACD361FF9C}.Debug|Any CPU.Build.0 = Debug|Any CPU
		{7CD8BE99-1CAD-9974-6DB9-6AACD361FF9C}.Release|Any CPU.ActiveCfg = Release|Any CPU
		{7CD8BE99-1CAD-9974-6DB9-6AACD361FF9C}.Release|Any CPU.Build.0 = Release|Any CPU
		{1EE2FA4A-39F1-BB10-491C-A8176CDE1C26}.Debug|Any CPU.ActiveCfg = Debug|Any CPU
		{1EE2FA4A-39F1-BB10-491C-A8176CDE1C26}.Debug|Any CPU.Build.0 = Debug|Any CPU
		{1EE2FA4A-39F1-BB10-491C-A8176CDE1C26}.Release|Any CPU.ActiveCfg = Release|Any CPU
		{1EE2FA4A-39F1-BB10-491C-A8176CDE1C26}.Release|Any CPU.Build.0 = Release|Any CPU
		{A2872C95-CE5D-150D-1688-EFE440A4BA17}.Debug|Any CPU.ActiveCfg = Debug|Any CPU
		{A2872C95-CE5D-150D-1688-EFE440A4BA17}.Debug|Any CPU.Build.0 = Debug|Any CPU
		{A2872C95-CE5D-150D-1688-EFE440A4BA17}.Release|Any CPU.ActiveCfg = Release|Any CPU
		{A2872C95-CE5D-150D-1688-EFE440A4BA17}.Release|Any CPU.Build.0 = Release|Any CPU
		{0608F709-F0DB-1298-BB97-63E2A462DDDA}.Debug|Any CPU.ActiveCfg = Debug|Any CPU
		{0608F709-F0DB-1298-BB97-63E2A462DDDA}.Debug|Any CPU.Build.0 = Debug|Any CPU
		{0608F709-F0DB-1298-BB97-63E2A462DDDA}.Release|Any CPU.ActiveCfg = Release|Any CPU
		{0608F709-F0DB-1298-BB97-63E2A462DDDA}.Release|Any CPU.Build.0 = Release|Any CPU
		{1373AA5A-4B08-F52B-6BFF-2343B925872B}.Debug|Any CPU.ActiveCfg = Debug|Any CPU
		{1373AA5A-4B08-F52B-6BFF-2343B925872B}.Debug|Any CPU.Build.0 = Debug|Any CPU
		{1373AA5A-4B08-F52B-6BFF-2343B925872B}.Release|Any CPU.ActiveCfg = Release|Any CPU
		{1373AA5A-4B08-F52B-6BFF-2343B925872B}.Release|Any CPU.Build.0 = Release|Any CPU
		{8D78A8E0-D39A-5036-270B-66286B383F9C}.Debug|Any CPU.ActiveCfg = Debug|Any CPU
		{8D78A8E0-D39A-5036-270B-66286B383F9C}.Debug|Any CPU.Build.0 = Debug|Any CPU
		{8D78A8E0-D39A-5036-270B-66286B383F9C}.Release|Any CPU.ActiveCfg = Release|Any CPU
		{8D78A8E0-D39A-5036-270B-66286B383F9C}.Release|Any CPU.Build.0 = Release|Any CPU
		{0DB52FE2-F96B-A33A-8501-7C6272619594}.Debug|Any CPU.ActiveCfg = Debug|Any CPU
		{0DB52FE2-F96B-A33A-8501-7C6272619594}.Debug|Any CPU.Build.0 = Debug|Any CPU
		{0DB52FE2-F96B-A33A-8501-7C6272619594}.Release|Any CPU.ActiveCfg = Release|Any CPU
		{0DB52FE2-F96B-A33A-8501-7C6272619594}.Release|Any CPU.Build.0 = Release|Any CPU
		{C60DA7FF-EB05-5DF1-0F35-5556EC2424E4}.Debug|Any CPU.ActiveCfg = Debug|Any CPU
		{C60DA7FF-EB05-5DF1-0F35-5556EC2424E4}.Debug|Any CPU.Build.0 = Debug|Any CPU
		{C60DA7FF-EB05-5DF1-0F35-5556EC2424E4}.Release|Any CPU.ActiveCfg = Release|Any CPU
		{C60DA7FF-EB05-5DF1-0F35-5556EC2424E4}.Release|Any CPU.Build.0 = Release|Any CPU
		{6DA027A3-5F20-07E7-6D05-7628AE816F08}.Debug|Any CPU.ActiveCfg = Debug|Any CPU
		{6DA027A3-5F20-07E7-6D05-7628AE816F08}.Debug|Any CPU.Build.0 = Debug|Any CPU
		{6DA027A3-5F20-07E7-6D05-7628AE816F08}.Release|Any CPU.ActiveCfg = Release|Any CPU
		{6DA027A3-5F20-07E7-6D05-7628AE816F08}.Release|Any CPU.Build.0 = Release|Any CPU
		{C5ECA542-1279-921D-D233-01800A531A2F}.Debug|Any CPU.ActiveCfg = Debug|Any CPU
		{C5ECA542-1279-921D-D233-01800A531A2F}.Debug|Any CPU.Build.0 = Debug|Any CPU
		{C5ECA542-1279-921D-D233-01800A531A2F}.Release|Any CPU.ActiveCfg = Release|Any CPU
		{C5ECA542-1279-921D-D233-01800A531A2F}.Release|Any CPU.Build.0 = Release|Any CPU
		{3FCD513F-D3CC-42D1-084C-72A171053834}.Debug|Any CPU.ActiveCfg = Debug|Any CPU
		{3FCD513F-D3CC-42D1-084C-72A171053834}.Debug|Any CPU.Build.0 = Debug|Any CPU
		{3FCD513F-D3CC-42D1-084C-72A171053834}.Release|Any CPU.ActiveCfg = Release|Any CPU
		{3FCD513F-D3CC-42D1-084C-72A171053834}.Release|Any CPU.Build.0 = Release|Any CPU
		{0897237A-B4E0-C8A0-AAA3-7084550030B3}.Debug|Any CPU.ActiveCfg = Debug|Any CPU
		{0897237A-B4E0-C8A0-AAA3-7084550030B3}.Debug|Any CPU.Build.0 = Debug|Any CPU
		{0897237A-B4E0-C8A0-AAA3-7084550030B3}.Release|Any CPU.ActiveCfg = Release|Any CPU
		{0897237A-B4E0-C8A0-AAA3-7084550030B3}.Release|Any CPU.Build.0 = Release|Any CPU
		{498AF610-6F4A-EFF2-455B-18F2284D0C04}.Debug|Any CPU.ActiveCfg = Debug|Any CPU
		{498AF610-6F4A-EFF2-455B-18F2284D0C04}.Debug|Any CPU.Build.0 = Debug|Any CPU
		{498AF610-6F4A-EFF2-455B-18F2284D0C04}.Release|Any CPU.ActiveCfg = Release|Any CPU
		{498AF610-6F4A-EFF2-455B-18F2284D0C04}.Release|Any CPU.Build.0 = Release|Any CPU
	EndGlobalSection
	GlobalSection(SolutionProperties) = preSolution
		HideSolutionNode = FALSE
	EndGlobalSection
EndGlobal
